{
  "name": "accounting-assistant-cloudflare",
  "lockfileVersion": 3,
  "requires": true,
  "packages": {
    "": {
      "name": "accounting-assistant-cloudflare",
      "devDependencies": {
        "@cloudflare/containers": "^0.0.18"
      }
    },
    "node_modules/@cloudflare/containers": {
      "version": "0.0.18",
      "resolved": "https://registry.npmjs.org/@cloudflare/containers/-/containers-0.0.18.tgz",
      "integrity": "sha512-3XC8AXMWTX7tQJA2jOcjYXEr5S4aFS8lH5T56Fsr8X3sfaD2KoB0XghFpmMsOHK+fc88z6K0LTaVmcX2ELOZ9w==",
      "dev": true,
      "license": "ISC"
    }
  }
}
